{
  "name": "@indra.ai/deva.kshatriya",
  "version": "0.0.26",
  "lockfileVersion": 3,
  "requires": true,
  "packages": {
    "": {
      "name": "@indra.ai/deva.kshatriya",
      "version": "0.0.26",
      "funding": [
        {
          "type": "paypal",
          "url": "https://paypal.me/rahulaclub"
        },
        {
          "type": "patreon",
          "url": "https://patreon.com/rahulaclub"
        }
      ],
      "license": "VLA:15366185454152384163 LICENSE.md",
      "dependencies": {
        "@indra.ai/deva": "^1.6.12"
      }
    },
    "node_modules/@indra.ai/deva": {
      "version": "1.6.12",
      "resolved": "https://registry.npmjs.org/@indra.ai/deva/-/deva-1.6.12.tgz",
      "integrity": "sha512-7XZGcAps+XMwJb/sSW2CVvJIoeh2L87BjsZpVxFtt+S+KguMuyq/D/hF4/kando7HKtol7X6KwbNjUunEhGSig==",
      "funding": [
        {
          "type": "paypal",
          "url": "https://paypal.me/rahulaclub"
        },
        {
          "type": "patreon",
          "url": "https://patreon.com/rahulaclub"
        }
      ],
      "license": "VLA:57198275347569343690 LICENSE.md",
      "engines": {
        "node": ">=18.16.0",
        "npm": ">=9.5.1"
      }
    }
  }
}
